Microsoft Visual Studio Solution File, Format Version 12.00
# Visual Studio Version 17
VisualStudioVersion = 17.12.35514.174
MinimumVisualStudioVersion = 10.0.40219.1
Project("{FAE04EC0-301F-11D3-BF4B-00C04F79EFBC}") = "AppMinhaPagina", "AppMinhaPagina\AppMinhaPagina.csproj", "{3A93AA03-83D5-434D-9B1B-F22B2E5AFF5D}"
EndProject
Project("{FAE04EC0-301F-11D3-BF4B-00C04F79EFBC}") = "AppMinhaPagina.Shared", "AppMinhaPagina.Shared\AppMinhaPagina.Shared.csproj", "{E4F5CB70-BAA5-4F7F-8A46-CCAC84586708}"
EndProject
Project("{FAE04EC0-301F-11D3-BF4B-00C04F79EFBC}") = "AppMinhaPagina.Web", "AppMinhaPagina.Web\AppMinhaPagina.Web.csproj", "{3D456178-B612-4697-B8B9-DDDE8AFA56B4}"
EndProject
Global
	GlobalSection(SolutionConfigurationPlatforms) = preSolution
		Debug|Any CPU = Debug|Any CPU
		Release|Any CPU = Release|Any CPU
	EndGlobalSection
	GlobalSection(ProjectConfigurationPlatforms) = postSolution
		{3A93AA03-83D5-434D-9B1B-F22B2E5AFF5D}.Debug|Any CPU.ActiveCfg = Debug|Any CPU
		{3A93AA03-83D5-434D-9B1B-F22B2E5AFF5D}.Debug|Any CPU.Build.0 = Debug|Any CPU
		{3A93AA03-83D5-434D-9B1B-F22B2E5AFF5D}.Debug|Any CPU.Deploy.0 = Debug|Any CPU
		{3A93AA03-83D5-434D-9B1B-F22B2E5AFF5D}.Release|Any CPU.ActiveCfg = Release|Any CPU
		{3A93AA03-83D5-434D-9B1B-F22B2E5AFF5D}.Release|Any CPU.Build.0 = Release|Any CPU
		{E4F5CB70-BAA5-4F7F-8A46-CCAC84586708}.Debug|Any CPU.ActiveCfg = Debug|Any CPU
		{E4F5CB70-BAA5-4F7F-8A46-CCAC84586708}.Debug|Any CPU.Build.0 = Debug|Any CPU
		{E4F5CB70-BAA5-4F7F-8A46-CCAC84586708}.Release|Any CPU.ActiveCfg = Release|Any CPU
		{E4F5CB70-BAA5-4F7F-8A46-CCAC84586708}.Release|Any CPU.Build.0 = Release|Any CPU
		{3D456178-B612-4697-B8B9-DDDE8AFA56B4}.Debug|Any CPU.ActiveCfg = Debug|Any CPU
		{3D456178-B612-4697-B8B9-DDDE8AFA56B4}.Debug|Any CPU.Build.0 = Debug|Any CPU
		{3D456178-B612-4697-B8B9-DDDE8AFA56B4}.Release|Any CPU.ActiveCfg = Release|Any CPU
		{3D456178-B612-4697-B8B9-DDDE8AFA56B4}.Release|Any CPU.Build.0 = Release|Any CPU
	EndGlobalSection
	GlobalSection(SolutionProperties) = preSolution
		HideSolutionNode = FALSE
	EndGlobalSection
EndGlobal
